
Microsoft Visual Studio Solution File, Format Version 12.00
# Visual Studio Version 17
VisualStudioVersion = 17.14.36408.4
MinimumVisualStudioVersion = 10.0.40219.1
Project("{FAE04EC0-301F-11D3-BF4B-00C04F79EFBC}") = "HR-PROJECT", "HR-PROJECT.csproj", "{608BECB0-3846-4907-B256-5C9ED398C156}"
EndProject
Project("{FAE04EC0-301F-11D3-BF4B-00C04F79EFBC}") = "HR-WEB", "..\HR-WEB\HR-WEB.csproj", "{D9DE4620-D927-407E-91AC-64B6622B9283}"
EndProject
Global
	GlobalSection(SolutionConfigurationPlatforms) = preSolution
		Debug|Any CPU = Debug|Any CPU
		Release|Any CPU = Release|Any CPU
	EndGlobalSection
	GlobalSection(ProjectConfigurationPlatforms) = postSolution
		{608BECB0-3846-4907-B256-5C9ED398C156}.Debug|Any CPU.ActiveCfg = Debug|Any CPU
		{608BECB0-3846-4907-B256-5C9ED398C156}.Debug|Any CPU.Build.0 = Debug|Any CPU
		{608BECB0-3846-4907-B256-5C9ED398C156}.Release|Any CPU.ActiveCfg = Release|Any CPU
		{608BECB0-3846-4907-B256-5C9ED398C156}.Release|Any CPU.Build.0 = Release|Any CPU
		{D9DE4620-D927-407E-91AC-64B6622B9283}.Debug|Any CPU.ActiveCfg = Debug|Any CPU
		{D9DE4620-D927-407E-91AC-64B6622B9283}.Debug|Any CPU.Build.0 = Debug|Any CPU
		{D9DE4620-D927-407E-91AC-64B6622B9283}.Release|Any CPU.ActiveCfg = Release|Any CPU
		{D9DE4620-D927-407E-91AC-64B6622B9283}.Release|Any CPU.Build.0 = Release|Any CPU
	EndGlobalSection
	GlobalSection(SolutionProperties) = preSolution
		HideSolutionNode = FALSE
	EndGlobalSection
	GlobalSection(ExtensibilityGlobals) = postSolution
		SolutionGuid = {D5E66BA2-F5BA-484E-8650-F26DA1280ADA}
	EndGlobalSection
EndGlobal
